
Microsoft Visual Studio Solution File, Format Version 12.00
# Visual Studio Version 17
VisualStudioVersion = 17.0.32014.148
MinimumVisualStudioVersion = 10.0.40219.1
Project("{FAE04EC0-301F-11D3-BF4B-00C04F79EFBC}") = "CheckValueOver0", "CheckValueOver0\CheckValueOver0.csproj", "{0DB9450E-0758-4587-9EE2-1F4259AC3660}"
EndProject
Global
	GlobalSection(SolutionConfigurationPlatforms) = preSolution
		Debug|Any CPU = Debug|Any CPU
		Release|Any CPU = Release|Any CPU
	EndGlobalSection
	GlobalSection(ProjectConfigurationPlatforms) = postSolution
		{0DB9450E-0758-4587-9EE2-1F4259AC3660}.Debug|Any CPU.ActiveCfg = Debug|Any CPU
		{0DB9450E-0758-4587-9EE2-1F4259AC3660}.Debug|Any CPU.Build.0 = Debug|Any CPU
		{0DB9450E-0758-4587-9EE2-1F4259AC3660}.Release|Any CPU.ActiveCfg = Release|Any CPU
		{0DB9450E-0758-4587-9EE2-1F4259AC3660}.Release|Any CPU.Build.0 = Release|Any CPU
	EndGlobalSection
	GlobalSection(SolutionProperties) = preSolution
		HideSolutionNode = FALSE
	EndGlobalSection
	GlobalSection(ExtensibilityGlobals) = postSolution
		SolutionGuid = {33FD22F1-4E8B-4AB2-AC76-05FB25E44698}
	EndGlobalSection
EndGlobal
