
Microsoft Visual Studio Solution File, Format Version 12.00
# Visual Studio Version 17
VisualStudioVersion = 17.0.32014.148
MinimumVisualStudioVersion = 10.0.40219.1
Project("{FAE04EC0-301F-11D3-BF4B-00C04F79EFBC}") = "LoginWindow", "LoginWindow\LoginWindow.csproj", "{4331111C-4F2A-4048-8A88-0A309A9ACCFE}"
EndProject
Global
	GlobalSection(SolutionConfigurationPlatforms) = preSolution
		Debug|Any CPU = Debug|Any CPU
		Release|Any CPU = Release|Any CPU
	EndGlobalSection
	GlobalSection(ProjectConfigurationPlatforms) = postSolution
		{4331111C-4F2A-4048-8A88-0A309A9ACCFE}.Debug|Any CPU.ActiveCfg = Debug|Any CPU
		{4331111C-4F2A-4048-8A88-0A309A9ACCFE}.Debug|Any CPU.Build.0 = Debug|Any CPU
		{4331111C-4F2A-4048-8A88-0A309A9ACCFE}.Release|Any CPU.ActiveCfg = Release|Any CPU
		{4331111C-4F2A-4048-8A88-0A309A9ACCFE}.Release|Any CPU.Build.0 = Release|Any CPU
	EndGlobalSection
	GlobalSection(SolutionProperties) = preSolution
		HideSolutionNode = FALSE
	EndGlobalSection
	GlobalSection(ExtensibilityGlobals) = postSolution
		SolutionGuid = {4CE6184B-62F0-4ED1-92E1-836B137E436E}
	EndGlobalSection
EndGlobal
