
Microsoft Visual Studio Solution File, Format Version 12.00
# Visual Studio Version 17
VisualStudioVersion = 17.0.32014.148
MinimumVisualStudioVersion = 10.0.40219.1
Project("{FAE04EC0-301F-11D3-BF4B-00C04F79EFBC}") = "LearnListBox", "LearnListBox\LearnListBox.csproj", "{8914ED18-6B35-4BF7-8C16-7FA24F01B102}"
EndProject
Global
	GlobalSection(SolutionConfigurationPlatforms) = preSolution
		Debug|Any CPU = Debug|Any CPU
		Release|Any CPU = Release|Any CPU
	EndGlobalSection
	GlobalSection(ProjectConfigurationPlatforms) = postSolution
		{8914ED18-6B35-4BF7-8C16-7FA24F01B102}.Debug|Any CPU.ActiveCfg = Debug|Any CPU
		{8914ED18-6B35-4BF7-8C16-7FA24F01B102}.Debug|Any CPU.Build.0 = Debug|Any CPU
		{8914ED18-6B35-4BF7-8C16-7FA24F01B102}.Release|Any CPU.ActiveCfg = Release|Any CPU
		{8914ED18-6B35-4BF7-8C16-7FA24F01B102}.Release|Any CPU.Build.0 = Release|Any CPU
	EndGlobalSection
	GlobalSection(SolutionProperties) = preSolution
		HideSolutionNode = FALSE
	EndGlobalSection
	GlobalSection(ExtensibilityGlobals) = postSolution
		SolutionGuid = {7C5F7F2A-EF89-40A3-9FC6-B13F87DFF64F}
	EndGlobalSection
EndGlobal
